
Microsoft Visual Studio Solution File, Format Version 12.00
# Visual Studio 15
VisualStudioVersion = 15.0.26430.14
MinimumVisualStudioVersion = 10.0.40219.1
Project("{FAE04EC0-301F-11D3-BF4B-00C04F79EFBC}") = "1.PokeMon", "1.PokeMon\1.PokeMon.csproj", "{4B384CBC-24C1-46D5-989C-AF690C7602FE}"
EndProject
Project("{FAE04EC0-301F-11D3-BF4B-00C04F79EFBC}") = "2.PokeMonDontGo", "2.PokeMonDontGo\2.PokeMonDontGo.csproj", "{76E5B799-25ED-45DB-B95F-F47D938E1AF7}"
EndProject
Project("{FAE04EC0-301F-11D3-BF4B-00C04F79EFBC}") = "3.RegexMon", "3.RegexMon\3.RegexMon.csproj", "{8FDAE2A2-1AD0-4F25-BA00-87EB4DFFE848}"
EndProject
Project("{FAE04EC0-301F-11D3-BF4B-00C04F79EFBC}") = "4.PokemonEvolution", "4.PokemonEvolution\4.PokemonEvolution.csproj", "{935AE95E-2289-4B40-85B5-9F751D04420B}"
EndProject
Global
	GlobalSection(SolutionConfigurationPlatforms) = preSolution
		Debug|Any CPU = Debug|Any CPU
		Release|Any CPU = Release|Any CPU
	EndGlobalSection
	GlobalSection(ProjectConfigurationPlatforms) = postSolution
		{4B384CBC-24C1-46D5-989C-AF690C7602FE}.Debug|Any CPU.ActiveCfg = Debug|Any CPU
		{4B384CBC-24C1-46D5-989C-AF690C7602FE}.Debug|Any CPU.Build.0 = Debug|Any CPU
		{4B384CBC-24C1-46D5-989C-AF690C7602FE}.Release|Any CPU.ActiveCfg = Release|Any CPU
		{4B384CBC-24C1-46D5-989C-AF690C7602FE}.Release|Any CPU.Build.0 = Release|Any CPU
		{76E5B799-25ED-45DB-B95F-F47D938E1AF7}.Debug|Any CPU.ActiveCfg = Debug|Any CPU
		{76E5B799-25ED-45DB-B95F-F47D938E1AF7}.Debug|Any CPU.Build.0 = Debug|Any CPU
		{76E5B799-25ED-45DB-B95F-F47D938E1AF7}.Release|Any CPU.ActiveCfg = Release|Any CPU
		{76E5B799-25ED-45DB-B95F-F47D938E1AF7}.Release|Any CPU.Build.0 = Release|Any CPU
		{8FDAE2A2-1AD0-4F25-BA00-87EB4DFFE848}.Debug|Any CPU.ActiveCfg = Debug|Any CPU
		{8FDAE2A2-1AD0-4F25-BA00-87EB4DFFE848}.Debug|Any CPU.Build.0 = Debug|Any CPU
		{8FDAE2A2-1AD0-4F25-BA00-87EB4DFFE848}.Release|Any CPU.ActiveCfg = Release|Any CPU
		{8FDAE2A2-1AD0-4F25-BA00-87EB4DFFE848}.Release|Any CPU.Build.0 = Release|Any CPU
		{935AE95E-2289-4B40-85B5-9F751D04420B}.Debug|Any CPU.ActiveCfg = Debug|Any CPU
		{935AE95E-2289-4B40-85B5-9F751D04420B}.Debug|Any CPU.Build.0 = Debug|Any CPU
		{935AE95E-2289-4B40-85B5-9F751D04420B}.Release|Any CPU.ActiveCfg = Release|Any CPU
		{935AE95E-2289-4B40-85B5-9F751D04420B}.Release|Any CPU.Build.0 = Release|Any CPU
	EndGlobalSection
	GlobalSection(SolutionProperties) = preSolution
		HideSolutionNode = FALSE
	EndGlobalSection
EndGlobal
